
Microsoft Visual Studio Solution File, Format Version 12.00
# Visual Studio 15
Project("{FAE04EC0-301F-11D3-BF4B-00C04F79EFBC}") = "Assembly-CSharp", "Assembly-CSharp.csproj", "{81E64F22-8A80-4292-61B4-CE84154B760F}"
EndProject
Project("{FAE04EC0-301F-11D3-BF4B-00C04F79EFBC}") = "Unity.XR.Interaction.Toolkit.Samples.StarterAssets", "Unity.XR.Interaction.Toolkit.Samples.StarterAssets.csproj", "{86BE80E7-F052-C6AA-8D32-C61D27A68006}"
EndProject
Project("{FAE04EC0-301F-11D3-BF4B-00C04F79EFBC}") = "Unity.XR.Interaction.Toolkit.Samples.StarterAssets.Editor", "Unity.XR.Interaction.Toolkit.Samples.StarterAssets.Editor.csproj", "{724DA6E0-8AF2-EA0F-AB71-082A4D03BD3A}"
EndProject
Project("{FAE04EC0-301F-11D3-BF4B-00C04F79EFBC}") = "Assembly-CSharp-Editor", "Assembly-CSharp-Editor.csproj", "{8D0212D8-AFF0-16F5-AF75-07AF377C0D56}"
EndProject
Global
	GlobalSection(SolutionConfigurationPlatforms) = preSolution
		Debug|Any CPU = Debug|Any CPU
		Release|Any CPU = Release|Any CPU
	EndGlobalSection
	GlobalSection(ProjectConfigurationPlatforms) = postSolution
		{81E64F22-8A80-4292-61B4-CE84154B760F}.Debug|Any CPU.ActiveCfg = Debug|Any CPU
		{81E64F22-8A80-4292-61B4-CE84154B760F}.Debug|Any CPU.Build.0 = Debug|Any CPU
		{81E64F22-8A80-4292-61B4-CE84154B760F}.Release|Any CPU.ActiveCfg = Release|Any CPU
		{81E64F22-8A80-4292-61B4-CE84154B760F}.Release|Any CPU.Build.0 = Release|Any CPU
		{86BE80E7-F052-C6AA-8D32-C61D27A68006}.Debug|Any CPU.ActiveCfg = Debug|Any CPU
		{86BE80E7-F052-C6AA-8D32-C61D27A68006}.Debug|Any CPU.Build.0 = Debug|Any CPU
		{86BE80E7-F052-C6AA-8D32-C61D27A68006}.Release|Any CPU.ActiveCfg = Release|Any CPU
		{86BE80E7-F052-C6AA-8D32-C61D27A68006}.Release|Any CPU.Build.0 = Release|Any CPU
		{724DA6E0-8AF2-EA0F-AB71-082A4D03BD3A}.Debug|Any CPU.ActiveCfg = Debug|Any CPU
		{724DA6E0-8AF2-EA0F-AB71-082A4D03BD3A}.Debug|Any CPU.Build.0 = Debug|Any CPU
		{724DA6E0-8AF2-EA0F-AB71-082A4D03BD3A}.Release|Any CPU.ActiveCfg = Release|Any CPU
		{724DA6E0-8AF2-EA0F-AB71-082A4D03BD3A}.Release|Any CPU.Build.0 = Release|Any CPU
		{8D0212D8-AFF0-16F5-AF75-07AF377C0D56}.Debug|Any CPU.ActiveCfg = Debug|Any CPU
		{8D0212D8-AFF0-16F5-AF75-07AF377C0D56}.Debug|Any CPU.Build.0 = Debug|Any CPU
		{8D0212D8-AFF0-16F5-AF75-07AF377C0D56}.Release|Any CPU.ActiveCfg = Release|Any CPU
		{8D0212D8-AFF0-16F5-AF75-07AF377C0D56}.Release|Any CPU.Build.0 = Release|Any CPU
	EndGlobalSection
	GlobalSection(SolutionProperties) = preSolution
		HideSolutionNode = FALSE
	EndGlobalSection
EndGlobal
