
Microsoft Visual Studio Solution File, Format Version 12.00
# Visual Studio 15
Project("{FAE04EC0-301F-11D3-BF4B-00C04F79EFBC}") = "Assembly-CSharp", "Assembly-CSharp.csproj", "{41448DDA-041A-B0F6-7864-CC5E89E30C55}"
EndProject
Project("{FAE04EC0-301F-11D3-BF4B-00C04F79EFBC}") = "Unity.XR.Interaction.Toolkit.Samples.StarterAssets", "Unity.XR.Interaction.Toolkit.Samples.StarterAssets.csproj", "{6BE298A4-B56E-81A2-6F7A-93B0F8841511}"
EndProject
Project("{FAE04EC0-301F-11D3-BF4B-00C04F79EFBC}") = "UltimateProceduralPrimitivesFREE", "UltimateProceduralPrimitivesFREE.csproj", "{E82F4AE6-CC20-7914-7E2E-B5635039D873}"
EndProject
Project("{FAE04EC0-301F-11D3-BF4B-00C04F79EFBC}") = "Unity.XR.Interaction.Toolkit.Samples.StarterAssets.Editor", "Unity.XR.Interaction.Toolkit.Samples.StarterAssets.Editor.csproj", "{ADF66339-CFC6-88A4-C3DB-45615FD688F1}"
EndProject
Project("{FAE04EC0-301F-11D3-BF4B-00C04F79EFBC}") = "Assembly-CSharp-Editor", "Assembly-CSharp-Editor.csproj", "{2328FA4F-479E-B715-1099-420870E9F7D9}"
EndProject
Project("{FAE04EC0-301F-11D3-BF4B-00C04F79EFBC}") = "Assembly-CSharp-firstpass", "Assembly-CSharp-firstpass.csproj", "{AC32591E-14F3-54C4-2851-5A1190E0E2F1}"
EndProject
Global
	GlobalSection(SolutionConfigurationPlatforms) = preSolution
		Debug|Any CPU = Debug|Any CPU
		Release|Any CPU = Release|Any CPU
	EndGlobalSection
	GlobalSection(ProjectConfigurationPlatforms) = postSolution
		{41448DDA-041A-B0F6-7864-CC5E89E30C55}.Debug|Any CPU.ActiveCfg = Debug|Any CPU
		{41448DDA-041A-B0F6-7864-CC5E89E30C55}.Debug|Any CPU.Build.0 = Debug|Any CPU
		{41448DDA-041A-B0F6-7864-CC5E89E30C55}.Release|Any CPU.ActiveCfg = Release|Any CPU
		{41448DDA-041A-B0F6-7864-CC5E89E30C55}.Release|Any CPU.Build.0 = Release|Any CPU
		{6BE298A4-B56E-81A2-6F7A-93B0F8841511}.Debug|Any CPU.ActiveCfg = Debug|Any CPU
		{6BE298A4-B56E-81A2-6F7A-93B0F8841511}.Debug|Any CPU.Build.0 = Debug|Any CPU
		{6BE298A4-B56E-81A2-6F7A-93B0F8841511}.Release|Any CPU.ActiveCfg = Release|Any CPU
		{6BE298A4-B56E-81A2-6F7A-93B0F8841511}.Release|Any CPU.Build.0 = Release|Any CPU
		{E82F4AE6-CC20-7914-7E2E-B5635039D873}.Debug|Any CPU.ActiveCfg = Debug|Any CPU
		{E82F4AE6-CC20-7914-7E2E-B5635039D873}.Debug|Any CPU.Build.0 = Debug|Any CPU
		{E82F4AE6-CC20-7914-7E2E-B5635039D873}.Release|Any CPU.ActiveCfg = Release|Any CPU
		{E82F4AE6-CC20-7914-7E2E-B5635039D873}.Release|Any CPU.Build.0 = Release|Any CPU
		{ADF66339-CFC6-88A4-C3DB-45615FD688F1}.Debug|Any CPU.ActiveCfg = Debug|Any CPU
		{ADF66339-CFC6-88A4-C3DB-45615FD688F1}.Debug|Any CPU.Build.0 = Debug|Any CPU
		{ADF66339-CFC6-88A4-C3DB-45615FD688F1}.Release|Any CPU.ActiveCfg = Release|Any CPU
		{ADF66339-CFC6-88A4-C3DB-45615FD688F1}.Release|Any CPU.Build.0 = Release|Any CPU
		{2328FA4F-479E-B715-1099-420870E9F7D9}.Debug|Any CPU.ActiveCfg = Debug|Any CPU
		{2328FA4F-479E-B715-1099-420870E9F7D9}.Debug|Any CPU.Build.0 = Debug|Any CPU
		{2328FA4F-479E-B715-1099-420870E9F7D9}.Release|Any CPU.ActiveCfg = Release|Any CPU
		{2328FA4F-479E-B715-1099-420870E9F7D9}.Release|Any CPU.Build.0 = Release|Any CPU
		{AC32591E-14F3-54C4-2851-5A1190E0E2F1}.Debug|Any CPU.ActiveCfg = Debug|Any CPU
		{AC32591E-14F3-54C4-2851-5A1190E0E2F1}.Debug|Any CPU.Build.0 = Debug|Any CPU
		{AC32591E-14F3-54C4-2851-5A1190E0E2F1}.Release|Any CPU.ActiveCfg = Release|Any CPU
		{AC32591E-14F3-54C4-2851-5A1190E0E2F1}.Release|Any CPU.Build.0 = Release|Any CPU
	EndGlobalSection
	GlobalSection(SolutionProperties) = preSolution
		HideSolutionNode = FALSE
	EndGlobalSection
EndGlobal
